
Microsoft Visual Studio Solution File, Format Version 12.00
# Visual Studio Version 17
VisualStudioVersion = 17.0.32126.317
MinimumVisualStudioVersion = 10.0.40219.1
Project("{00D1A9C2-B5F0-4AF3-8072-F6C62B433612}") = "Database1", "Database1\Database1.sqlproj", "{9B343704-5874-4139-BCFE-C9B48931E74B}"
EndProject
Global
	GlobalSection(SolutionConfigurationPlatforms) = preSolution
		Debug|Any CPU = Debug|Any CPU
		Release|Any CPU = Release|Any CPU
	EndGlobalSection
	GlobalSection(ProjectConfigurationPlatforms) = postSolution
		{9B343704-5874-4139-BCFE-C9B48931E74B}.Debug|Any CPU.ActiveCfg = Debug|Any CPU
		{9B343704-5874-4139-BCFE-C9B48931E74B}.Debug|Any CPU.Build.0 = Debug|Any CPU
		{9B343704-5874-4139-BCFE-C9B48931E74B}.Debug|Any CPU.Deploy.0 = Debug|Any CPU
		{9B343704-5874-4139-BCFE-C9B48931E74B}.Release|Any CPU.ActiveCfg = Release|Any CPU
		{9B343704-5874-4139-BCFE-C9B48931E74B}.Release|Any CPU.Build.0 = Release|Any CPU
		{9B343704-5874-4139-BCFE-C9B48931E74B}.Release|Any CPU.Deploy.0 = Release|Any CPU
	EndGlobalSection
	GlobalSection(SolutionProperties) = preSolution
		HideSolutionNode = FALSE
	EndGlobalSection
	GlobalSection(ExtensibilityGlobals) = postSolution
		SolutionGuid = {42788FE9-B27B-4F3D-B1E0-DB463E9AA5F8}
	EndGlobalSection
EndGlobal
